{
  "nodes": {
    "crane": {
      "locked": {
        "lastModified": 1771796463,
        "narHash": "sha256-9bCDuUzpwJXcHMQYMS1yNuzYMmKO/CCwCexpjWOl62I=",
        "owner": "ipetkov",
        "repo": "crane",
        "rev": "3d3de3313e263e04894f284ac18177bd26169bad",
        "type": "github"
      },
      "original": {
        "owner": "ipetkov",
        "repo": "crane",
        "type": "github"
      }
    },
    "fenix": {
      "inputs": {
        "nixpkgs": [
          "nixpkgs"
        ],
        "rust-analyzer-src": "rust-analyzer-src"
      },
      "locked": {
        "lastModified": 1771917501,
        "narHash": "sha256-pyjD5s19JzH/aw6OnjyxYddoQWD/F1ygj9bku9td+MI=",
        "owner": "nix-community",
        "repo": "fenix",
        "rev": "1d6ea44fd28bd5ad7cfd4bb39a7a225225484593",
        "type": "github"
      },
      "original": {
        "owner": "nix-community",
        "repo": "fenix",
        "type": "github"
      }
    },
    "flake-parts": {
      "inputs": {
        "nixpkgs-lib": [
          "nixpkgs-lib"
        ]
      },
      "locked": {
        "lastModified": 1769996383,
        "narHash": "sha256-AnYjnFWgS49RlqX7LrC4uA+sCCDBj0Ry/WOJ5XWAsa0=",
        "owner": "hercules-ci",
        "repo": "flake-parts",
        "rev": "57928607ea566b5db3ad13af0e57e921e6b12381",
        "type": "github"
      },
      "original": {
        "owner": "hercules-ci",
        "repo": "flake-parts",
        "type": "github"
      }
    },
    "home-manager": {
      "inputs": {
        "nixpkgs": [
          "nixpkgs"
        ]
      },
      "locked": {
        "lastModified": 1771744638,
        "narHash": "sha256-EDLi+YAsEEAmMeZe1v6GccuGRbCkpSZp/+A6g+pivR8=",
        "owner": "nix-community",
        "repo": "home-manager",
        "rev": "cb6c151f5c9db4df0b69d06894dc8484de1f16a0",
        "type": "github"
      },
      "original": {
        "owner": "nix-community",
        "ref": "release-25.11",
        "repo": "home-manager",
        "type": "github"
      }
    },
    "nixpkgs": {
      "locked": {
        "lastModified": 1771903837,
        "narHash": "sha256-sdaqdnsQCv3iifzxwB22tUwN/fSHoN7j2myFW5EIkGk=",
        "owner": "nixos",
        "repo": "nixpkgs",
        "rev": "e764fc9a405871f1f6ca3d1394fb422e0a0c3951",
        "type": "github"
      },
      "original": {
        "owner": "nixos",
        "ref": "nixos-25.11",
        "repo": "nixpkgs",
        "type": "github"
      }
    },
    "nixpkgs-lib": {
      "locked": {
        "lastModified": 1771723719,
        "narHash": "sha256-e+/T/pmEkLP6BHhYjx6GmwP5ivonQQn0bJdH9YrRB+Q=",
        "owner": "nix-community",
        "repo": "nixpkgs.lib",
        "rev": "36b8fcb216736b0e1869740b324ae521e5df23d8",
        "type": "github"
      },
      "original": {
        "owner": "nix-community",
        "repo": "nixpkgs.lib",
        "type": "github"
      }
    },
    "nixpkgs-unstable": {
      "locked": {
        "lastModified": 1771892004,
        "narHash": "sha256-V96pa9awm6hjnf8yGJeoC4uOirYDEPsaBbuU0stROQI=",
        "owner": "nixos",
        "repo": "nixpkgs",
        "rev": "5e4522be6bdf1600682a6f383434b057b2d77a37",
        "type": "github"
      },
      "original": {
        "owner": "nixos",
        "ref": "nixpkgs-unstable",
        "repo": "nixpkgs",
        "type": "github"
      }
    },
    "root": {
      "inputs": {
        "crane": "crane",
        "fenix": "fenix",
        "flake-parts": "flake-parts",
        "home-manager": "home-manager",
        "nixpkgs": "nixpkgs",
        "nixpkgs-lib": "nixpkgs-lib",
        "nixpkgs-unstable": "nixpkgs-unstable",
        "systems": "systems"
      }
    },
    "rust-analyzer-src": {
      "flake": false,
      "locked": {
        "lastModified": 1771830288,
        "narHash": "sha256-Key/V7kjPYdPFeAw6cPS9M//6hGb6l1pLJroy7aUcfU=",
        "owner": "rust-lang",
        "repo": "rust-analyzer",
        "rev": "05da4cf3c4dfb8aa3430343f41e73c4cfad46bd5",
        "type": "github"
      },
      "original": {
        "owner": "rust-lang",
        "ref": "nightly",
        "repo": "rust-analyzer",
        "type": "github"
      }
    },
    "systems": {
      "locked": {
        "lastModified": 1681028828,
        "narHash": "sha256-Vy1rq5AaRuLzOxct8nz4T6wlgyUR7zLU309k9mBC768=",
        "owner": "nix-systems",
        "repo": "default",
        "rev": "da67096a3b9bf56a91d16901293e51ba5b49a27e",
        "type": "github"
      },
      "original": {
        "owner": "nix-systems",
        "repo": "default",
        "type": "github"
      }
    }
  },
  "root": "root",
  "version": 7
}
